
Microsoft Visual Studio Solution File, Format Version 12.00
# Visual Studio Version 17
VisualStudioVersion = 17.3.32901.215
MinimumVisualStudioVersion = 10.0.40219.1
Project("{FAE04EC0-301F-11D3-BF4B-00C04F79EFBC}") = "StudentsAppEmpty", "StudentsAppEmpty\StudentsAppEmpty.csproj", "{3BB99D41-22D7-4516-A483-45A103F2469A}"
EndProject
Global
	GlobalSection(SolutionConfigurationPlatforms) = preSolution
		Debug|Any CPU = Debug|Any CPU
		Release|Any CPU = Release|Any CPU
	EndGlobalSection
	GlobalSection(ProjectConfigurationPlatforms) = postSolution
		{3BB99D41-22D7-4516-A483-45A103F2469A}.Debug|Any CPU.ActiveCfg = Debug|Any CPU
		{3BB99D41-22D7-4516-A483-45A103F2469A}.Debug|Any CPU.Build.0 = Debug|Any CPU
		{3BB99D41-22D7-4516-A483-45A103F2469A}.Release|Any CPU.ActiveCfg = Release|Any CPU
		{3BB99D41-22D7-4516-A483-45A103F2469A}.Release|Any CPU.Build.0 = Release|Any CPU
	EndGlobalSection
	GlobalSection(SolutionProperties) = preSolution
		HideSolutionNode = FALSE
	EndGlobalSection
	GlobalSection(ExtensibilityGlobals) = postSolution
		SolutionGuid = {7A908FB7-67AD-4E1B-A650-056D4105502B}
	EndGlobalSection
EndGlobal
