
Microsoft Visual Studio Solution File, Format Version 12.00
# Visual Studio Version 17
VisualStudioVersion = 17.3.32901.215
MinimumVisualStudioVersion = 10.0.40219.1
Project("{9A19103F-16F7-4668-BE54-9A1E7A4F7556}") = "HelloWorld", "HelloWorld\HelloWorld.csproj", "{AA34FB99-E400-492F-A648-62A24E89B93B}"
EndProject
Project("{9A19103F-16F7-4668-BE54-9A1E7A4F7556}") = "TypeLimits", "TypeLimits\TypeLimits.csproj", "{40A63B09-7502-4F41-88B5-51F0983109ED}"
EndProject
Project("{9A19103F-16F7-4668-BE54-9A1E7A4F7556}") = "ConsoleOutputDemo", "ConsoleOutputDemo\ConsoleOutputDemo.csproj", "{6BEDDC2D-5406-4309-A079-CF0789B30A39}"
EndProject
Project("{9A19103F-16F7-4668-BE54-9A1E7A4F7556}") = "NumberFormatApp", "NumberFormatApp\NumberFormatApp.csproj", "{6D97AA79-205D-4560-BF3E-A3ABF011CC0C}"
EndProject
Project("{9A19103F-16F7-4668-BE54-9A1E7A4F7556}") = "ExpressionApp", "ExpressionApp\ExpressionApp.csproj", "{C6663812-460C-4841-974A-DDF7E6063996}"
EndProject
Project("{9A19103F-16F7-4668-BE54-9A1E7A4F7556}") = "ReadingNumbersApp", "ReadingNumbersApp\ReadingNumbersApp.csproj", "{0EE8E088-AB67-4C62-AD10-2D1DB5C67A99}"
EndProject
Project("{9A19103F-16F7-4668-BE54-9A1E7A4F7556}") = "TypecastDemo", "TypecastDemo\TypecastDemo.csproj", "{C7A318B5-710C-4AE0-A471-8FDB959B0CB2}"
EndProject
Project("{9A19103F-16F7-4668-BE54-9A1E7A4F7556}") = "TernaryApp", "TernaryApp\TernaryApp.csproj", "{72F0260F-500F-40B2-8530-5A3416141E3F}"
EndProject
Project("{9A19103F-16F7-4668-BE54-9A1E7A4F7556}") = "TryParseDemo", "TryParseDemo\TryParseDemo.csproj", "{4D757AE7-A7D5-44F8-9F9D-83E4E375777D}"
EndProject
Project("{9A19103F-16F7-4668-BE54-9A1E7A4F7556}") = "RightTriangleDemo", "RightTriangleDemo\RightTriangleDemo.csproj", "{77249CE1-E453-44CA-9E18-4E83C17B097A}"
EndProject
Project("{9A19103F-16F7-4668-BE54-9A1E7A4F7556}") = "CharReadApp", "CharReadApp\CharReadApp.csproj", "{281BCD79-A798-4C78-8068-3DA72FBAF269}"
EndProject
Project("{9A19103F-16F7-4668-BE54-9A1E7A4F7556}") = "Test", "Test\Test.csproj", "{9C882569-10B7-48F5-90AA-7EDDE06BCD03}"
EndProject
Project("{9A19103F-16F7-4668-BE54-9A1E7A4F7556}") = "IfGradesApp", "IfGradesApp\IfGradesApp.csproj", "{A701F689-E945-4DC4-B873-CB13A8264B7B}"
EndProject
Project("{9A19103F-16F7-4668-BE54-9A1E7A4F7556}") = "WhileDemo", "WhileDemo\WhileDemo.csproj", "{53F226D2-FC00-4070-8D16-93B6C2BD1290}"
EndProject
Project("{9A19103F-16F7-4668-BE54-9A1E7A4F7556}") = "PowPowApp", "PowPowApp\PowPowApp.csproj", "{E7A36C3C-99BA-4FC5-BA22-D05A685BC1C3}"
EndProject
Project("{9A19103F-16F7-4668-BE54-9A1E7A4F7556}") = "ForSumMulDemo", "ForSumMulDemo\ForSumMulDemo.csproj", "{92E4A5E9-D0B8-4C5E-9248-205D774948A1}"
EndProject
Project("{9A19103F-16F7-4668-BE54-9A1E7A4F7556}") = "FactoApp", "FactoApp\FactoApp.csproj", "{6A9E3732-18D6-4CAC-9C73-78D38DDD970C}"
EndProject
Project("{9A19103F-16F7-4668-BE54-9A1E7A4F7556}") = "SwitchDemo", "SwitchDemo\SwitchDemo.csproj", "{C4CF17D7-41B3-436E-B484-1ADEB3578C0E}"
EndProject
Project("{9A19103F-16F7-4668-BE54-9A1E7A4F7556}") = "ArrayDemo", "ArrayDemo\ArrayDemo.csproj", "{81F0434A-8AC9-4003-8150-42C6D030543E}"
EndProject
Project("{9A19103F-16F7-4668-BE54-9A1E7A4F7556}") = "MinMaxArrayDemo", "MinMaxArrayDemo\MinMaxArrayDemo.csproj", "{A8EEF54C-D821-4B98-AA92-185736B675A8}"
EndProject
Project("{9A19103F-16F7-4668-BE54-9A1E7A4F7556}") = "PalindromeDemo", "PalindromeDemo\PalindromeDemo.csproj", "{3F00AD84-060D-4059-BD3D-C51E8EED9525}"
EndProject
Project("{9A19103F-16F7-4668-BE54-9A1E7A4F7556}") = "Array2DApp", "Array2DApp\Array2DApp.csproj", "{D0B3D646-8DBF-463A-8020-33D270294ECC}"
EndProject
Project("{9A19103F-16F7-4668-BE54-9A1E7A4F7556}") = "StringsDemo", "StringsDemo\StringsDemo.csproj", "{3FE2F2F0-E6F7-43AC-A807-9754DE3B189B}"
EndProject
Project("{9A19103F-16F7-4668-BE54-9A1E7A4F7556}") = "PalindromeApp", "PalindromeApp\PalindromeApp.csproj", "{37B82C5E-5597-43AF-9138-F6F0E44668DE}"
EndProject
Project("{9A19103F-16F7-4668-BE54-9A1E7A4F7556}") = "MethodsApp", "MethodsApp\MethodsApp.csproj", "{AB11B869-3E50-4F1C-8D1F-0D7BBE1683F8}"
EndProject
Project("{2150E333-8FDC-42A3-9474-1A3956D46DE8}") = "Solution Items", "Solution Items", "{E37D2E65-9104-4CF1-83D3-FEA7A6E840AA}"
	ProjectSection(SolutionItems) = preProject
		Class1.cs = Class1.cs
	EndProjectSection
EndProject
Project("{9A19103F-16F7-4668-BE54-9A1E7A4F7556}") = "StudentLikeJavaApp", "StudentLikeJavaApp\StudentLikeJavaApp.csproj", "{459A295F-1C40-4310-AF15-C2199707215A}"
EndProject
Project("{9A19103F-16F7-4668-BE54-9A1E7A4F7556}") = "BankApp", "BankApp\BankApp.csproj", "{A2E83920-5023-4A16-9D7D-ED6ABDE92CE5}"
EndProject
Project("{9A19103F-16F7-4668-BE54-9A1E7A4F7556}") = "PointInherit", "PointInherit\PointInherit.csproj", "{987C3BD3-D4C2-4D90-A3CD-9694502F1998}"
EndProject
Project("{FAE04EC0-301F-11D3-BF4B-00C04F79EFBC}") = "PointDAOServiceApp", "PointDAOServiceApp\PointDAOServiceApp.csproj", "{92AF49C9-7AC9-444C-A0E6-533E47119BA5}"
EndProject
Global
	GlobalSection(SolutionConfigurationPlatforms) = preSolution
		Debug|Any CPU = Debug|Any CPU
		Release|Any CPU = Release|Any CPU
	EndGlobalSection
	GlobalSection(ProjectConfigurationPlatforms) = postSolution
		{AA34FB99-E400-492F-A648-62A24E89B93B}.Debug|Any CPU.ActiveCfg = Debug|Any CPU
		{AA34FB99-E400-492F-A648-62A24E89B93B}.Debug|Any CPU.Build.0 = Debug|Any CPU
		{AA34FB99-E400-492F-A648-62A24E89B93B}.Release|Any CPU.ActiveCfg = Release|Any CPU
		{AA34FB99-E400-492F-A648-62A24E89B93B}.Release|Any CPU.Build.0 = Release|Any CPU
		{40A63B09-7502-4F41-88B5-51F0983109ED}.Debug|Any CPU.ActiveCfg = Debug|Any CPU
		{40A63B09-7502-4F41-88B5-51F0983109ED}.Debug|Any CPU.Build.0 = Debug|Any CPU
		{40A63B09-7502-4F41-88B5-51F0983109ED}.Release|Any CPU.ActiveCfg = Release|Any CPU
		{40A63B09-7502-4F41-88B5-51F0983109ED}.Release|Any CPU.Build.0 = Release|Any CPU
		{6BEDDC2D-5406-4309-A079-CF0789B30A39}.Debug|Any CPU.ActiveCfg = Debug|Any CPU
		{6BEDDC2D-5406-4309-A079-CF0789B30A39}.Debug|Any CPU.Build.0 = Debug|Any CPU
		{6BEDDC2D-5406-4309-A079-CF0789B30A39}.Release|Any CPU.ActiveCfg = Release|Any CPU
		{6BEDDC2D-5406-4309-A079-CF0789B30A39}.Release|Any CPU.Build.0 = Release|Any CPU
		{6D97AA79-205D-4560-BF3E-A3ABF011CC0C}.Debug|Any CPU.ActiveCfg = Debug|Any CPU
		{6D97AA79-205D-4560-BF3E-A3ABF011CC0C}.Debug|Any CPU.Build.0 = Debug|Any CPU
		{6D97AA79-205D-4560-BF3E-A3ABF011CC0C}.Release|Any CPU.ActiveCfg = Release|Any CPU
		{6D97AA79-205D-4560-BF3E-A3ABF011CC0C}.Release|Any CPU.Build.0 = Release|Any CPU
		{C6663812-460C-4841-974A-DDF7E6063996}.Debug|Any CPU.ActiveCfg = Debug|Any CPU
		{C6663812-460C-4841-974A-DDF7E6063996}.Debug|Any CPU.Build.0 = Debug|Any CPU
		{C6663812-460C-4841-974A-DDF7E6063996}.Release|Any CPU.ActiveCfg = Release|Any CPU
		{C6663812-460C-4841-974A-DDF7E6063996}.Release|Any CPU.Build.0 = Release|Any CPU
		{0EE8E088-AB67-4C62-AD10-2D1DB5C67A99}.Debug|Any CPU.ActiveCfg = Debug|Any CPU
		{0EE8E088-AB67-4C62-AD10-2D1DB5C67A99}.Debug|Any CPU.Build.0 = Debug|Any CPU
		{0EE8E088-AB67-4C62-AD10-2D1DB5C67A99}.Release|Any CPU.ActiveCfg = Release|Any CPU
		{0EE8E088-AB67-4C62-AD10-2D1DB5C67A99}.Release|Any CPU.Build.0 = Release|Any CPU
		{C7A318B5-710C-4AE0-A471-8FDB959B0CB2}.Debug|Any CPU.ActiveCfg = Debug|Any CPU
		{C7A318B5-710C-4AE0-A471-8FDB959B0CB2}.Debug|Any CPU.Build.0 = Debug|Any CPU
		{C7A318B5-710C-4AE0-A471-8FDB959B0CB2}.Release|Any CPU.ActiveCfg = Release|Any CPU
		{C7A318B5-710C-4AE0-A471-8FDB959B0CB2}.Release|Any CPU.Build.0 = Release|Any CPU
		{72F0260F-500F-40B2-8530-5A3416141E3F}.Debug|Any CPU.ActiveCfg = Debug|Any CPU
		{72F0260F-500F-40B2-8530-5A3416141E3F}.Debug|Any CPU.Build.0 = Debug|Any CPU
		{72F0260F-500F-40B2-8530-5A3416141E3F}.Release|Any CPU.ActiveCfg = Release|Any CPU
		{72F0260F-500F-40B2-8530-5A3416141E3F}.Release|Any CPU.Build.0 = Release|Any CPU
		{4D757AE7-A7D5-44F8-9F9D-83E4E375777D}.Debug|Any CPU.ActiveCfg = Debug|Any CPU
		{4D757AE7-A7D5-44F8-9F9D-83E4E375777D}.Debug|Any CPU.Build.0 = Debug|Any CPU
		{4D757AE7-A7D5-44F8-9F9D-83E4E375777D}.Release|Any CPU.ActiveCfg = Release|Any CPU
		{4D757AE7-A7D5-44F8-9F9D-83E4E375777D}.Release|Any CPU.Build.0 = Release|Any CPU
		{77249CE1-E453-44CA-9E18-4E83C17B097A}.Debug|Any CPU.ActiveCfg = Debug|Any CPU
		{77249CE1-E453-44CA-9E18-4E83C17B097A}.Debug|Any CPU.Build.0 = Debug|Any CPU
		{77249CE1-E453-44CA-9E18-4E83C17B097A}.Release|Any CPU.ActiveCfg = Release|Any CPU
		{77249CE1-E453-44CA-9E18-4E83C17B097A}.Release|Any CPU.Build.0 = Release|Any CPU
		{281BCD79-A798-4C78-8068-3DA72FBAF269}.Debug|Any CPU.ActiveCfg = Debug|Any CPU
		{281BCD79-A798-4C78-8068-3DA72FBAF269}.Debug|Any CPU.Build.0 = Debug|Any CPU
		{281BCD79-A798-4C78-8068-3DA72FBAF269}.Release|Any CPU.ActiveCfg = Release|Any CPU
		{281BCD79-A798-4C78-8068-3DA72FBAF269}.Release|Any CPU.Build.0 = Release|Any CPU
		{9C882569-10B7-48F5-90AA-7EDDE06BCD03}.Debug|Any CPU.ActiveCfg = Debug|Any CPU
		{9C882569-10B7-48F5-90AA-7EDDE06BCD03}.Debug|Any CPU.Build.0 = Debug|Any CPU
		{9C882569-10B7-48F5-90AA-7EDDE06BCD03}.Release|Any CPU.ActiveCfg = Release|Any CPU
		{9C882569-10B7-48F5-90AA-7EDDE06BCD03}.Release|Any CPU.Build.0 = Release|Any CPU
		{A701F689-E945-4DC4-B873-CB13A8264B7B}.Debug|Any CPU.ActiveCfg = Debug|Any CPU
		{A701F689-E945-4DC4-B873-CB13A8264B7B}.Debug|Any CPU.Build.0 = Debug|Any CPU
		{A701F689-E945-4DC4-B873-CB13A8264B7B}.Release|Any CPU.ActiveCfg = Release|Any CPU
		{A701F689-E945-4DC4-B873-CB13A8264B7B}.Release|Any CPU.Build.0 = Release|Any CPU
		{53F226D2-FC00-4070-8D16-93B6C2BD1290}.Debug|Any CPU.ActiveCfg = Debug|Any CPU
		{53F226D2-FC00-4070-8D16-93B6C2BD1290}.Debug|Any CPU.Build.0 = Debug|Any CPU
		{53F226D2-FC00-4070-8D16-93B6C2BD1290}.Release|Any CPU.ActiveCfg = Release|Any CPU
		{53F226D2-FC00-4070-8D16-93B6C2BD1290}.Release|Any CPU.Build.0 = Release|Any CPU
		{E7A36C3C-99BA-4FC5-BA22-D05A685BC1C3}.Debug|Any CPU.ActiveCfg = Debug|Any CPU
		{E7A36C3C-99BA-4FC5-BA22-D05A685BC1C3}.Debug|Any CPU.Build.0 = Debug|Any CPU
		{E7A36C3C-99BA-4FC5-BA22-D05A685BC1C3}.Release|Any CPU.ActiveCfg = Release|Any CPU
		{E7A36C3C-99BA-4FC5-BA22-D05A685BC1C3}.Release|Any CPU.Build.0 = Release|Any CPU
		{92E4A5E9-D0B8-4C5E-9248-205D774948A1}.Debug|Any CPU.ActiveCfg = Debug|Any CPU
		{92E4A5E9-D0B8-4C5E-9248-205D774948A1}.Debug|Any CPU.Build.0 = Debug|Any CPU
		{92E4A5E9-D0B8-4C5E-9248-205D774948A1}.Release|Any CPU.ActiveCfg = Release|Any CPU
		{92E4A5E9-D0B8-4C5E-9248-205D774948A1}.Release|Any CPU.Build.0 = Release|Any CPU
		{6A9E3732-18D6-4CAC-9C73-78D38DDD970C}.Debug|Any CPU.ActiveCfg = Debug|Any CPU
		{6A9E3732-18D6-4CAC-9C73-78D38DDD970C}.Debug|Any CPU.Build.0 = Debug|Any CPU
		{6A9E3732-18D6-4CAC-9C73-78D38DDD970C}.Release|Any CPU.ActiveCfg = Release|Any CPU
		{6A9E3732-18D6-4CAC-9C73-78D38DDD970C}.Release|Any CPU.Build.0 = Release|Any CPU
		{C4CF17D7-41B3-436E-B484-1ADEB3578C0E}.Debug|Any CPU.ActiveCfg = Debug|Any CPU
		{C4CF17D7-41B3-436E-B484-1ADEB3578C0E}.Debug|Any CPU.Build.0 = Debug|Any CPU
		{C4CF17D7-41B3-436E-B484-1ADEB3578C0E}.Release|Any CPU.ActiveCfg = Release|Any CPU
		{C4CF17D7-41B3-436E-B484-1ADEB3578C0E}.Release|Any CPU.Build.0 = Release|Any CPU
		{81F0434A-8AC9-4003-8150-42C6D030543E}.Debug|Any CPU.ActiveCfg = Debug|Any CPU
		{81F0434A-8AC9-4003-8150-42C6D030543E}.Debug|Any CPU.Build.0 = Debug|Any CPU
		{81F0434A-8AC9-4003-8150-42C6D030543E}.Release|Any CPU.ActiveCfg = Release|Any CPU
		{81F0434A-8AC9-4003-8150-42C6D030543E}.Release|Any CPU.Build.0 = Release|Any CPU
		{A8EEF54C-D821-4B98-AA92-185736B675A8}.Debug|Any CPU.ActiveCfg = Debug|Any CPU
		{A8EEF54C-D821-4B98-AA92-185736B675A8}.Debug|Any CPU.Build.0 = Debug|Any CPU
		{A8EEF54C-D821-4B98-AA92-185736B675A8}.Release|Any CPU.ActiveCfg = Release|Any CPU
		{A8EEF54C-D821-4B98-AA92-185736B675A8}.Release|Any CPU.Build.0 = Release|Any CPU
		{3F00AD84-060D-4059-BD3D-C51E8EED9525}.Debug|Any CPU.ActiveCfg = Debug|Any CPU
		{3F00AD84-060D-4059-BD3D-C51E8EED9525}.Debug|Any CPU.Build.0 = Debug|Any CPU
		{3F00AD84-060D-4059-BD3D-C51E8EED9525}.Release|Any CPU.ActiveCfg = Release|Any CPU
		{3F00AD84-060D-4059-BD3D-C51E8EED9525}.Release|Any CPU.Build.0 = Release|Any CPU
		{D0B3D646-8DBF-463A-8020-33D270294ECC}.Debug|Any CPU.ActiveCfg = Debug|Any CPU
		{D0B3D646-8DBF-463A-8020-33D270294ECC}.Debug|Any CPU.Build.0 = Debug|Any CPU
		{D0B3D646-8DBF-463A-8020-33D270294ECC}.Release|Any CPU.ActiveCfg = Release|Any CPU
		{D0B3D646-8DBF-463A-8020-33D270294ECC}.Release|Any CPU.Build.0 = Release|Any CPU
		{3FE2F2F0-E6F7-43AC-A807-9754DE3B189B}.Debug|Any CPU.ActiveCfg = Debug|Any CPU
		{3FE2F2F0-E6F7-43AC-A807-9754DE3B189B}.Debug|Any CPU.Build.0 = Debug|Any CPU
		{3FE2F2F0-E6F7-43AC-A807-9754DE3B189B}.Release|Any CPU.ActiveCfg = Release|Any CPU
		{3FE2F2F0-E6F7-43AC-A807-9754DE3B189B}.Release|Any CPU.Build.0 = Release|Any CPU
		{37B82C5E-5597-43AF-9138-F6F0E44668DE}.Debug|Any CPU.ActiveCfg = Debug|Any CPU
		{37B82C5E-5597-43AF-9138-F6F0E44668DE}.Debug|Any CPU.Build.0 = Debug|Any CPU
		{37B82C5E-5597-43AF-9138-F6F0E44668DE}.Release|Any CPU.ActiveCfg = Release|Any CPU
		{37B82C5E-5597-43AF-9138-F6F0E44668DE}.Release|Any CPU.Build.0 = Release|Any CPU
		{AB11B869-3E50-4F1C-8D1F-0D7BBE1683F8}.Debug|Any CPU.ActiveCfg = Debug|Any CPU
		{AB11B869-3E50-4F1C-8D1F-0D7BBE1683F8}.Debug|Any CPU.Build.0 = Debug|Any CPU
		{AB11B869-3E50-4F1C-8D1F-0D7BBE1683F8}.Release|Any CPU.ActiveCfg = Release|Any CPU
		{AB11B869-3E50-4F1C-8D1F-0D7BBE1683F8}.Release|Any CPU.Build.0 = Release|Any CPU
		{459A295F-1C40-4310-AF15-C2199707215A}.Debug|Any CPU.ActiveCfg = Debug|Any CPU
		{459A295F-1C40-4310-AF15-C2199707215A}.Debug|Any CPU.Build.0 = Debug|Any CPU
		{459A295F-1C40-4310-AF15-C2199707215A}.Release|Any CPU.ActiveCfg = Release|Any CPU
		{459A295F-1C40-4310-AF15-C2199707215A}.Release|Any CPU.Build.0 = Release|Any CPU
		{A2E83920-5023-4A16-9D7D-ED6ABDE92CE5}.Debug|Any CPU.ActiveCfg = Debug|Any CPU
		{A2E83920-5023-4A16-9D7D-ED6ABDE92CE5}.Debug|Any CPU.Build.0 = Debug|Any CPU
		{A2E83920-5023-4A16-9D7D-ED6ABDE92CE5}.Release|Any CPU.ActiveCfg = Release|Any CPU
		{A2E83920-5023-4A16-9D7D-ED6ABDE92CE5}.Release|Any CPU.Build.0 = Release|Any CPU
		{987C3BD3-D4C2-4D90-A3CD-9694502F1998}.Debug|Any CPU.ActiveCfg = Debug|Any CPU
		{987C3BD3-D4C2-4D90-A3CD-9694502F1998}.Debug|Any CPU.Build.0 = Debug|Any CPU
		{987C3BD3-D4C2-4D90-A3CD-9694502F1998}.Release|Any CPU.ActiveCfg = Release|Any CPU
		{987C3BD3-D4C2-4D90-A3CD-9694502F1998}.Release|Any CPU.Build.0 = Release|Any CPU
		{92AF49C9-7AC9-444C-A0E6-533E47119BA5}.Debug|Any CPU.ActiveCfg = Debug|Any CPU
		{92AF49C9-7AC9-444C-A0E6-533E47119BA5}.Debug|Any CPU.Build.0 = Debug|Any CPU
		{92AF49C9-7AC9-444C-A0E6-533E47119BA5}.Release|Any CPU.ActiveCfg = Release|Any CPU
		{92AF49C9-7AC9-444C-A0E6-533E47119BA5}.Release|Any CPU.Build.0 = Release|Any CPU
	EndGlobalSection
	GlobalSection(SolutionProperties) = preSolution
		HideSolutionNode = FALSE
	EndGlobalSection
	GlobalSection(ExtensibilityGlobals) = postSolution
		SolutionGuid = {6766A857-ACC8-4DA9-B93C-F17D2008B878}
	EndGlobalSection
EndGlobal
